
Microsoft Visual Studio Solution File, Format Version 12.00
# Visual Studio Version 17
VisualStudioVersion = 17.0.31903.59
MinimumVisualStudioVersion = 10.0.40219.1
Project("{FAE04EC0-301F-11D3-BF4B-00C04F79EFBC}") = "API", "API\API.csproj", "{D521148D-AA9D-4FAF-8378-A7BB18EBEACD}"
EndProject
Global
	GlobalSection(SolutionConfigurationPlatforms) = preSolution
		Debug|Any CPU = Debug|Any CPU
		Release|Any CPU = Release|Any CPU
	EndGlobalSection
	GlobalSection(SolutionProperties) = preSolution
		HideSolutionNode = FALSE
	EndGlobalSection
	GlobalSection(ProjectConfigurationPlatforms) = postSolution
		{D521148D-AA9D-4FAF-8378-A7BB18EBEACD}.Debug|Any CPU.ActiveCfg = Debug|Any CPU
		{D521148D-AA9D-4FAF-8378-A7BB18EBEACD}.Debug|Any CPU.Build.0 = Debug|Any CPU
		{D521148D-AA9D-4FAF-8378-A7BB18EBEACD}.Release|Any CPU.ActiveCfg = Release|Any CPU
		{D521148D-AA9D-4FAF-8378-A7BB18EBEACD}.Release|Any CPU.Build.0 = Release|Any CPU
	EndGlobalSection
EndGlobal
